
Microsoft Visual Studio Solution File, Format Version 12.00
# Visual Studio Version 17
VisualStudioVersion = 17.7.34221.43
MinimumVisualStudioVersion = 10.0.40219.1
Project("{FAE04EC0-301F-11D3-BF4B-00C04F79EFBC}") = "ChatApp.Presentation", "ChatApp.Presentation\ChatApp.Presentation.csproj", "{974E8464-588F-462C-80F7-F7666AD479D2}"
EndProject
Project("{FAE04EC0-301F-11D3-BF4B-00C04F79EFBC}") = "ChatApp.Domain", "ChatApp.Domain\ChatApp.Domain.csproj", "{9569F988-8DFE-4DAB-969F-4526AC19B032}"
EndProject
Project("{FAE04EC0-301F-11D3-BF4B-00C04F79EFBC}") = "ChatApp.Data", "ChatApp.Data\ChatApp.Data.csproj", "{83A67896-3D52-4AE4-8F90-1B614A255D50}"
EndProject
Global
	GlobalSection(SolutionConfigurationPlatforms) = preSolution
		Debug|Any CPU = Debug|Any CPU
		Release|Any CPU = Release|Any CPU
	EndGlobalSection
	GlobalSection(ProjectConfigurationPlatforms) = postSolution
		{974E8464-588F-462C-80F7-F7666AD479D2}.Debug|Any CPU.ActiveCfg = Debug|Any CPU
		{974E8464-588F-462C-80F7-F7666AD479D2}.Debug|Any CPU.Build.0 = Debug|Any CPU
		{974E8464-588F-462C-80F7-F7666AD479D2}.Release|Any CPU.ActiveCfg = Release|Any CPU
		{974E8464-588F-462C-80F7-F7666AD479D2}.Release|Any CPU.Build.0 = Release|Any CPU
		{9569F988-8DFE-4DAB-969F-4526AC19B032}.Debug|Any CPU.ActiveCfg = Debug|Any CPU
		{9569F988-8DFE-4DAB-969F-4526AC19B032}.Debug|Any CPU.Build.0 = Debug|Any CPU
		{9569F988-8DFE-4DAB-969F-4526AC19B032}.Release|Any CPU.ActiveCfg = Release|Any CPU
		{9569F988-8DFE-4DAB-969F-4526AC19B032}.Release|Any CPU.Build.0 = Release|Any CPU
		{83A67896-3D52-4AE4-8F90-1B614A255D50}.Debug|Any CPU.ActiveCfg = Debug|Any CPU
		{83A67896-3D52-4AE4-8F90-1B614A255D50}.Debug|Any CPU.Build.0 = Debug|Any CPU
		{83A67896-3D52-4AE4-8F90-1B614A255D50}.Release|Any CPU.ActiveCfg = Release|Any CPU
		{83A67896-3D52-4AE4-8F90-1B614A255D50}.Release|Any CPU.Build.0 = Release|Any CPU
	EndGlobalSection
	GlobalSection(SolutionProperties) = preSolution
		HideSolutionNode = FALSE
	EndGlobalSection
	GlobalSection(ExtensibilityGlobals) = postSolution
		SolutionGuid = {A4994C8A-28E0-4FEA-8853-A67C41D45E7D}
	EndGlobalSection
EndGlobal
